// !$*UTF8*$!
{
	archiveVersion = 1;
	classes = {
	};
	objectVersion = 46;
	objects = {

/* Begin PBXBuildFile section */
		AA747D9F0F9514B9006C5449 /* StoreKitUI_Prefix.pch in Headers */ = {isa = PBXBuildFile; fileRef = AA747D9E0F9514B9006C5449 /* StoreKitUI_Prefix.pch */; settings = {ATTRIBUTES = (Private, ); }; };
		AACBBE4A0F95108600F1A2B1 /* Foundation.framework in Frameworks */ = {isa = PBXBuildFile; fileRef = AACBBE490F95108600F1A2B1 /* Foundation.framework */; };
		C366E52F10EFD97600E08C0C /* SKProductsManager.h in Headers */ = {isa = PBXBuildFile; fileRef = C366E52D10EFD97600E08C0C /* SKProductsManager.h */; settings = {ATTRIBUTES = (Public, ); }; };
		C366E53810EFD99700E08C0C /* StoreKitUI.h in Headers */ = {isa = PBXBuildFile; fileRef = C366E53710EFD99700E08C0C /* StoreKitUI.h */; settings = {ATTRIBUTES = (Public, ); }; };
		C3B0BA4210F184B900F7DC15 /* SKProgressView.h in Headers */ = {isa = PBXBuildFile; fileRef = C3B0BA4010F184B900F7DC15 /* SKProgressView.h */; settings = {ATTRIBUTES = (Private, ); }; };
		C3B0BA4310F184B900F7DC15 /* SKProgressView.m in Sources */ = {isa = PBXBuildFile; fileRef = C3B0BA4110F184B900F7DC15 /* SKProgressView.m */; };
		C3C3307C10E93EDC00B8E055 /* StoreKit.framework in Frameworks */ = {isa = PBXBuildFile; fileRef = C3C3307B10E93EDC00B8E055 /* StoreKit.framework */; };
		C3C3308810E9417B00B8E055 /* SKProductsManager.m in Sources */ = {isa = PBXBuildFile; fileRef = C3C3308610E9417B00B8E055 /* SKProductsManager.m */; };
		C3C3309010E94BB100B8E055 /* SKStoreViewController.m in Sources */ = {isa = PBXBuildFile; fileRef = C3C3308E10E94BB100B8E055 /* SKStoreViewController.m */; };
		C3F9872410F1521900B5161D /* SKStoreViewController.h in Headers */ = {isa = PBXBuildFile; fileRef = C3F9872310F1521900B5161D /* SKStoreViewController.h */; settings = {ATTRIBUTES = (Public, ); }; };
		C3F987D810F1615F00B5161D /* SKDebug.h in Headers */ = {isa = PBXBuildFile; fileRef = C3F987D610F1615F00B5161D /* SKDebug.h */; settings = {ATTRIBUTES = (Private, ); }; };
		C3F9883110F171AC00B5161D /* UIKit.framework in Frameworks */ = {isa = PBXBuildFile; fileRef = C3F9883010F171AC00B5161D /* UIKit.framework */; };
/* End PBXBuildFile section */

/* Begin PBXFileReference section */
		AA747D9E0F9514B9006C5449 /* StoreKitUI_Prefix.pch */ = {isa = PBXFileReference; fileEncoding = 4; lastKnownFileType = sourcecode.c.h; path = StoreKitUI_Prefix.pch; sourceTree = SOURCE_ROOT; };
		AACBBE490F95108600F1A2B1 /* Foundation.framework */ = {isa = PBXFileReference; lastKnownFileType = wrapper.framework; name = Foundation.framework; path = System/Library/Frameworks/Foundation.framework; sourceTree = SDKROOT; };
		C366E52D10EFD97600E08C0C /* SKProductsManager.h */ = {isa = PBXFileReference; fileEncoding = 4; lastKnownFileType = sourcecode.c.h; name = SKProductsManager.h; path = StoreKitUI/SKProductsManager.h; sourceTree = "<group>"; };
		C366E53710EFD99700E08C0C /* StoreKitUI.h */ = {isa = PBXFileReference; fileEncoding = 4; lastKnownFileType = sourcecode.c.h; name = StoreKitUI.h; path = StoreKitUI/StoreKitUI.h; sourceTree = "<group>"; };
		C3B0BA4010F184B900F7DC15 /* SKProgressView.h */ = {isa = PBXFileReference; fileEncoding = 4; lastKnownFileType = sourcecode.c.h; path = SKProgressView.h; sourceTree = "<group>"; };
		C3B0BA4110F184B900F7DC15 /* SKProgressView.m */ = {isa = PBXFileReference; fileEncoding = 4; lastKnownFileType = sourcecode.c.objc; path = SKProgressView.m; sourceTree = "<group>"; };
		C3C3307B10E93EDC00B8E055 /* StoreKit.framework */ = {isa = PBXFileReference; lastKnownFileType = wrapper.framework; name = StoreKit.framework; path = System/Library/Frameworks/StoreKit.framework; sourceTree = SDKROOT; };
		C3C3308610E9417B00B8E055 /* SKProductsManager.m */ = {isa = PBXFileReference; fileEncoding = 4; lastKnownFileType = sourcecode.c.objc; path = SKProductsManager.m; sourceTree = "<group>"; };
		C3C3308E10E94BB100B8E055 /* SKStoreViewController.m */ = {isa = PBXFileReference; fileEncoding = 4; lastKnownFileType = sourcecode.c.objc; path = SKStoreViewController.m; sourceTree = "<group>"; };
		C3F9872310F1521900B5161D /* SKStoreViewController.h */ = {isa = PBXFileReference; fileEncoding = 4; lastKnownFileType = sourcecode.c.h; name = SKStoreViewController.h; path = StoreKitUI/SKStoreViewController.h; sourceTree = "<group>"; };
		C3F987D610F1615F00B5161D /* SKDebug.h */ = {isa = PBXFileReference; fileEncoding = 4; lastKnownFileType = sourcecode.c.h; path = SKDebug.h; sourceTree = "<group>"; };
		C3F9883010F171AC00B5161D /* UIKit.framework */ = {isa = PBXFileReference; lastKnownFileType = wrapper.framework; name = UIKit.framework; path = System/Library/Frameworks/UIKit.framework; sourceTree = SDKROOT; };
		D2AAC07E0554694100DB518D /* libStoreKitUI.a */ = {isa = PBXFileReference; explicitFileType = archive.ar; includeInIndex = 0; path = libStoreKitUI.a; sourceTree = BUILT_PRODUCTS_DIR; };
/* End PBXFileReference section */

/* Begin PBXFrameworksBuildPhase section */
		D2AAC07C0554694100DB518D /* Frameworks */ = {
			isa = PBXFrameworksBuildPhase;
			buildActionMask = 2147483647;
			files = (
				AACBBE4A0F95108600F1A2B1 /* Foundation.framework in Frameworks */,
				C3C3307C10E93EDC00B8E055 /* StoreKit.framework in Frameworks */,
				C3F9883110F171AC00B5161D /* UIKit.framework in Frameworks */,
			);
			runOnlyForDeploymentPostprocessing = 0;
		};
/* End PBXFrameworksBuildPhase section */

/* Begin PBXGroup section */
		034768DFFF38A50411DB9C8B /* Products */ = {
			isa = PBXGroup;
			children = (
				D2AAC07E0554694100DB518D /* libStoreKitUI.a */,
			);
			name = Products;
			sourceTree = "<group>";
		};
		0867D691FE84028FC02AAC07 /* StoreKitUI */ = {
			isa = PBXGroup;
			children = (
				08FB77AEFE84172EC02AAC07 /* Classes */,
				32C88DFF0371C24200C91783 /* Other Sources */,
				0867D69AFE84028FC02AAC07 /* Frameworks */,
				034768DFFF38A50411DB9C8B /* Products */,
			);
			name = StoreKitUI;
			sourceTree = "<group>";
		};
		0867D69AFE84028FC02AAC07 /* Frameworks */ = {
			isa = PBXGroup;
			children = (
				AACBBE490F95108600F1A2B1 /* Foundation.framework */,
				C3C3307B10E93EDC00B8E055 /* StoreKit.framework */,
				C3F9883010F171AC00B5161D /* UIKit.framework */,
			);
			name = Frameworks;
			sourceTree = "<group>";
		};
		08FB77AEFE84172EC02AAC07 /* Classes */ = {
			isa = PBXGroup;
			children = (
				C366E53710EFD99700E08C0C /* StoreKitUI.h */,
				C366E52D10EFD97600E08C0C /* SKProductsManager.h */,
				C3C3308610E9417B00B8E055 /* SKProductsManager.m */,
				C3F9872310F1521900B5161D /* SKStoreViewController.h */,
				C3C3308E10E94BB100B8E055 /* SKStoreViewController.m */,
				C3F987D610F1615F00B5161D /* SKDebug.h */,
				C3B0BA4010F184B900F7DC15 /* SKProgressView.h */,
				C3B0BA4110F184B900F7DC15 /* SKProgressView.m */,
			);
			name = Classes;
			sourceTree = "<group>";
		};
		32C88DFF0371C24200C91783 /* Other Sources */ = {
			isa = PBXGroup;
			children = (
				AA747D9E0F9514B9006C5449 /* StoreKitUI_Prefix.pch */,
			);
			name = "Other Sources";
			sourceTree = "<group>";
		};
/* End PBXGroup section */

/* Begin PBXHeadersBuildPhase section */
		D2AAC07A0554694100DB518D /* Headers */ = {
			isa = PBXHeadersBuildPhase;
			buildActionMask = 2147483647;
			files = (
				AA747D9F0F9514B9006C5449 /* StoreKitUI_Prefix.pch in Headers */,
				C366E52F10EFD97600E08C0C /* SKProductsManager.h in Headers */,
				C366E53810EFD99700E08C0C /* StoreKitUI.h in Headers */,
				C3F9872410F1521900B5161D /* SKStoreViewController.h in Headers */,
				C3F987D810F1615F00B5161D /* SKDebug.h in Headers */,
				C3B0BA4210F184B900F7DC15 /* SKProgressView.h in Headers */,
			);
			runOnlyForDeploymentPostprocessing = 0;
		};
/* End PBXHeadersBuildPhase section */

/* Begin PBXNativeTarget section */
		D2AAC07D0554694100DB518D /* StoreKitUI */ = {
			isa = PBXNativeTarget;
			buildConfigurationList = 1DEB921E08733DC00010E9CD /* Build configuration list for PBXNativeTarget "StoreKitUI" */;
			buildPhases = (
				D2AAC07A0554694100DB518D /* Headers */,
				D2AAC07B0554694100DB518D /* Sources */,
				D2AAC07C0554694100DB518D /* Frameworks */,
			);
			buildRules = (
			);
			dependencies = (
			);
			name = StoreKitUI;
			productName = StoreKitUI;
			productReference = D2AAC07E0554694100DB518D /* libStoreKitUI.a */;
			productType = "com.apple.product-type.library.static";
		};
/* End PBXNativeTarget section */

/* Begin PBXProject section */
		0867D690FE84028FC02AAC07 /* Project object */ = {
			isa = PBXProject;
			buildConfigurationList = 1DEB922208733DC00010E9CD /* Build configuration list for PBXProject "StoreKitUI" */;
			compatibilityVersion = "Xcode 3.2";
			hasScannedForEncodings = 1;
			mainGroup = 0867D691FE84028FC02AAC07 /* StoreKitUI */;
			productRefGroup = 034768DFFF38A50411DB9C8B /* Products */;
			projectDirPath = "";
			projectRoot = "";
			targets = (
				D2AAC07D0554694100DB518D /* StoreKitUI */,
			);
		};
/* End PBXProject section */

/* Begin PBXSourcesBuildPhase section */
		D2AAC07B0554694100DB518D /* Sources */ = {
			isa = PBXSourcesBuildPhase;
			buildActionMask = 2147483647;
			files = (
				C3C3308810E9417B00B8E055 /* SKProductsManager.m in Sources */,
				C3C3309010E94BB100B8E055 /* SKStoreViewController.m in Sources */,
				C3B0BA4310F184B900F7DC15 /* SKProgressView.m in Sources */,
			);
			runOnlyForDeploymentPostprocessing = 0;
		};
/* End PBXSourcesBuildPhase section */

/* Begin XCBuildConfiguration section */
		1DEB921F08733DC00010E9CD /* Debug */ = {
			isa = XCBuildConfiguration;
			buildSettings = {
				ALWAYS_SEARCH_USER_PATHS = NO;
				ARCHS = "$(ARCHS_UNIVERSAL_IPHONE_OS)";
				COPY_PHASE_STRIP = NO;
				DSTROOT = /tmp/StoreKitUI.dst;
				GCC_DYNAMIC_NO_PIC = NO;
				GCC_ENABLE_FIX_AND_CONTINUE = YES;
				GCC_MODEL_TUNING = G5;
				GCC_OPTIMIZATION_LEVEL = 0;
				GCC_PRECOMPILE_PREFIX_HEADER = YES;
				GCC_PREFIX_HEADER = StoreKitUI_Prefix.pch;
				INSTALL_PATH = /usr/local/lib;
				PRODUCT_NAME = StoreKitUI;
				TARGETED_DEVICE_FAMILY = "1,2";
			};
			name = Debug;
		};
		1DEB922008733DC00010E9CD /* Release */ = {
			isa = XCBuildConfiguration;
			buildSettings = {
				ALWAYS_SEARCH_USER_PATHS = NO;
				ARCHS = "$(ARCHS_UNIVERSAL_IPHONE_OS)";
				DSTROOT = /tmp/StoreKitUI.dst;
				GCC_MODEL_TUNING = G5;
				GCC_PRECOMPILE_PREFIX_HEADER = YES;
				GCC_PREFIX_HEADER = StoreKitUI_Prefix.pch;
				INSTALL_PATH = /usr/local/lib;
				PRODUCT_NAME = StoreKitUI;
				TARGETED_DEVICE_FAMILY = "1,2";
			};
			name = Release;
		};
		1DEB922308733DC00010E9CD /* Debug */ = {
			isa = XCBuildConfiguration;
			buildSettings = {
				ARCHS = "$(ARCHS_UNIVERSAL_IPHONE_OS)";
				GCC_C_LANGUAGE_STANDARD = c99;
				GCC_OPTIMIZATION_LEVEL = 0;
				GCC_PREPROCESSOR_DEFINITIONS = "DEBUG=1";
				GCC_WARN_ABOUT_RETURN_TYPE = YES;
				GCC_WARN_UNUSED_VARIABLE = YES;
				IPHONEOS_DEPLOYMENT_TARGET = 3.0;
				OTHER_LDFLAGS = "-ObjC";
				PREBINDING = NO;
				SDKROOT = iphoneos3.2;
				TARGETED_DEVICE_FAMILY = "1,2";
			};
			name = Debug;
		};
		1DEB922408733DC00010E9CD /* Release */ = {
			isa = XCBuildConfiguration;
			buildSettings = {
				ARCHS = "$(ARCHS_UNIVERSAL_IPHONE_OS)";
				GCC_C_LANGUAGE_STANDARD = c99;
				GCC_WARN_ABOUT_RETURN_TYPE = YES;
				GCC_WARN_UNUSED_VARIABLE = YES;
				IPHONEOS_DEPLOYMENT_TARGET = 3.0;
				OTHER_LDFLAGS = "-ObjC";
				PREBINDING = NO;
				SDKROOT = iphoneos3.2;
				TARGETED_DEVICE_FAMILY = "1,2";
			};
			name = Release;
		};
/* End XCBuildConfiguration section */

/* Begin XCConfigurationList section */
		1DEB921E08733DC00010E9CD /* Build configuration list for PBXNativeTarget "StoreKitUI" */ = {
			isa = XCConfigurationList;
			buildConfigurations = (
				1DEB921F08733DC00010E9CD /* Debug */,
				1DEB922008733DC00010E9CD /* Release */,
			);
			defaultConfigurationIsVisible = 0;
			defaultConfigurationName = Release;
		};
		1DEB922208733DC00010E9CD /* Build configuration list for PBXProject "StoreKitUI" */ = {
			isa = XCConfigurationList;
			buildConfigurations = (
				1DEB922308733DC00010E9CD /* Debug */,
				1DEB922408733DC00010E9CD /* Release */,
			);
			defaultConfigurationIsVisible = 0;
			defaultConfigurationName = Release;
		};
/* End XCConfigurationList section */
	};
	rootObject = 0867D690FE84028FC02AAC07 /* Project object */;
}
